
Microsoft Visual Studio Solution File, Format Version 12.00
# Visual Studio 15
Project("{FAE04EC0-301F-11D3-BF4B-00C04F79EFBC}") = "Assembly-CSharp", "Assembly-CSharp.csproj", "{C21B7E95-169B-DC38-2D9D-18D47B0885F8}"
EndProject
Global
	GlobalSection(SolutionConfigurationPlatforms) = preSolution
		Debug|Any CPU = Debug|Any CPU
		Release|Any CPU = Release|Any CPU
	EndGlobalSection
	GlobalSection(ProjectConfigurationPlatforms) = postSolution
		{C21B7E95-169B-DC38-2D9D-18D47B0885F8}.Debug|Any CPU.ActiveCfg = Debug|Any CPU
		{C21B7E95-169B-DC38-2D9D-18D47B0885F8}.Debug|Any CPU.Build.0 = Debug|Any CPU
		{C21B7E95-169B-DC38-2D9D-18D47B0885F8}.Release|Any CPU.ActiveCfg = Release|Any CPU
		{C21B7E95-169B-DC38-2D9D-18D47B0885F8}.Release|Any CPU.Build.0 = Release|Any CPU
	EndGlobalSection
	GlobalSection(SolutionProperties) = preSolution
		HideSolutionNode = FALSE
	EndGlobalSection
EndGlobal
